// !$*UTF8*$!
{
	archiveVersion = 1;
	classes = {
	};
	objectVersion = 50;
	objects = {

/* Begin PBXBuildFile section */
		44DAED8223662A7E002D6903 /* AppDelegate.swift in Sources */ = {isa = PBXBuildFile; fileRef = 44DAED8123662A7E002D6903 /* AppDelegate.swift */; };
		44DAED8423662A7E002D6903 /* SceneDelegate.swift in Sources */ = {isa = PBXBuildFile; fileRef = 44DAED8323662A7E002D6903 /* SceneDelegate.swift */; };
		44DAED8623662A7E002D6903 /* PhotoAlbumViewController.swift in Sources */ = {isa = PBXBuildFile; fileRef = 44DAED8523662A7E002D6903 /* PhotoAlbumViewController.swift */; };
		44DAED8923662A7E002D6903 /* Main.storyboard in Resources */ = {isa = PBXBuildFile; fileRef = 44DAED8723662A7E002D6903 /* Main.storyboard */; };
		44DAED8B23662A82002D6903 /* Assets.xcassets in Resources */ = {isa = PBXBuildFile; fileRef = 44DAED8A23662A82002D6903 /* Assets.xcassets */; };
		44DAED8E23662A82002D6903 /* LaunchScreen.storyboard in Resources */ = {isa = PBXBuildFile; fileRef = 44DAED8C23662A82002D6903 /* LaunchScreen.storyboard */; };
		44DAED9623662ADD002D6903 /* DetailPhotoAlbumViewController.swift in Sources */ = {isa = PBXBuildFile; fileRef = 44DAED9523662ADD002D6903 /* DetailPhotoAlbumViewController.swift */; };
		44DAED9A23662B0F002D6903 /* PhotoAlbumViewControllerCell.swift in Sources */ = {isa = PBXBuildFile; fileRef = 44DAED9823662B0F002D6903 /* PhotoAlbumViewControllerCell.swift */; };
		44DAED9B23662B0F002D6903 /* PhotoAlbumViewControllerCell.xib in Resources */ = {isa = PBXBuildFile; fileRef = 44DAED9923662B0F002D6903 /* PhotoAlbumViewControllerCell.xib */; };
		44DAED9D23662EF2002D6903 /* PhotoAlbumModel.swift in Sources */ = {isa = PBXBuildFile; fileRef = 44DAED9C23662EF2002D6903 /* PhotoAlbumModel.swift */; };
		44F1375E236B3D8100DBA010 /* session.swift in Sources */ = {isa = PBXBuildFile; fileRef = 44F1375D236B3D8100DBA010 /* session.swift */; };
/* End PBXBuildFile section */

/* Begin PBXFileReference section */
		44DAED7E23662A7E002D6903 /* Filistovich_Ruslan_Decoder_wh.app */ = {isa = PBXFileReference; explicitFileType = wrapper.application; includeInIndex = 0; path = Filistovich_Ruslan_Decoder_wh.app; sourceTree = BUILT_PRODUCTS_DIR; };
		44DAED8123662A7E002D6903 /* AppDelegate.swift */ = {isa = PBXFileReference; lastKnownFileType = sourcecode.swift; path = AppDelegate.swift; sourceTree = "<group>"; };
		44DAED8323662A7E002D6903 /* SceneDelegate.swift */ = {isa = PBXFileReference; lastKnownFileType = sourcecode.swift; path = SceneDelegate.swift; sourceTree = "<group>"; };
		44DAED8523662A7E002D6903 /* PhotoAlbumViewController.swift */ = {isa = PBXFileReference; lastKnownFileType = sourcecode.swift; path = PhotoAlbumViewController.swift; sourceTree = "<group>"; };
		44DAED8823662A7E002D6903 /* Base */ = {isa = PBXFileReference; lastKnownFileType = file.storyboard; name = Base; path = Base.lproj/Main.storyboard; sourceTree = "<group>"; };
		44DAED8A23662A82002D6903 /* Assets.xcassets */ = {isa = PBXFileReference; lastKnownFileType = folder.assetcatalog; path = Assets.xcassets; sourceTree = "<group>"; };
		44DAED8D23662A82002D6903 /* Base */ = {isa = PBXFileReference; lastKnownFileType = file.storyboard; name = Base; path = Base.lproj/LaunchScreen.storyboard; sourceTree = "<group>"; };
		44DAED8F23662A82002D6903 /* Info.plist */ = {isa = PBXFileReference; lastKnownFileType = text.plist.xml; path = Info.plist; sourceTree = "<group>"; };
		44DAED9523662ADD002D6903 /* DetailPhotoAlbumViewController.swift */ = {isa = PBXFileReference; lastKnownFileType = sourcecode.swift; path = DetailPhotoAlbumViewController.swift; sourceTree = "<group>"; };
		44DAED9823662B0F002D6903 /* PhotoAlbumViewControllerCell.swift */ = {isa = PBXFileReference; lastKnownFileType = sourcecode.swift; path = PhotoAlbumViewControllerCell.swift; sourceTree = "<group>"; };
		44DAED9923662B0F002D6903 /* PhotoAlbumViewControllerCell.xib */ = {isa = PBXFileReference; lastKnownFileType = file.xib; path = PhotoAlbumViewControllerCell.xib; sourceTree = "<group>"; };
		44DAED9C23662EF2002D6903 /* PhotoAlbumModel.swift */ = {isa = PBXFileReference; lastKnownFileType = sourcecode.swift; path = PhotoAlbumModel.swift; sourceTree = "<group>"; };
		44F1375D236B3D8100DBA010 /* session.swift */ = {isa = PBXFileReference; lastKnownFileType = sourcecode.swift; path = session.swift; sourceTree = "<group>"; };
/* End PBXFileReference section */

/* Begin PBXFrameworksBuildPhase section */
		44DAED7B23662A7E002D6903 /* Frameworks */ = {
			isa = PBXFrameworksBuildPhase;
			buildActionMask = 2147483647;
			files = (
			);
			runOnlyForDeploymentPostprocessing = 0;
		};
/* End PBXFrameworksBuildPhase section */

/* Begin PBXGroup section */
		44DAED7523662A7E002D6903 = {
			isa = PBXGroup;
			children = (
				44DAED8023662A7E002D6903 /* Filistovich_Ruslan_Decoder_wh */,
				44DAED7F23662A7E002D6903 /* Products */,
			);
			sourceTree = "<group>";
		};
		44DAED7F23662A7E002D6903 /* Products */ = {
			isa = PBXGroup;
			children = (
				44DAED7E23662A7E002D6903 /* Filistovich_Ruslan_Decoder_wh.app */,
			);
			name = Products;
			sourceTree = "<group>";
		};
		44DAED8023662A7E002D6903 /* Filistovich_Ruslan_Decoder_wh */ = {
			isa = PBXGroup;
			children = (
				44DAED8123662A7E002D6903 /* AppDelegate.swift */,
				44DAED8323662A7E002D6903 /* SceneDelegate.swift */,
				44DAED8523662A7E002D6903 /* PhotoAlbumViewController.swift */,
				44F1375C236B3D6100DBA010 /* Networking */,
				44DAED9723662AED002D6903 /* PhotoAlbumViewControllerCell */,
				44DAED9523662ADD002D6903 /* DetailPhotoAlbumViewController.swift */,
				44DAED9C23662EF2002D6903 /* PhotoAlbumModel.swift */,
				44DAED8723662A7E002D6903 /* Main.storyboard */,
				44DAED8A23662A82002D6903 /* Assets.xcassets */,
				44DAED8C23662A82002D6903 /* LaunchScreen.storyboard */,
				44DAED8F23662A82002D6903 /* Info.plist */,
			);
			path = Filistovich_Ruslan_Decoder_wh;
			sourceTree = "<group>";
		};
		44DAED9723662AED002D6903 /* PhotoAlbumViewControllerCell */ = {
			isa = PBXGroup;
			children = (
				44DAED9823662B0F002D6903 /* PhotoAlbumViewControllerCell.swift */,
				44DAED9923662B0F002D6903 /* PhotoAlbumViewControllerCell.xib */,
			);
			path = PhotoAlbumViewControllerCell;
			sourceTree = "<group>";
		};
		44F1375C236B3D6100DBA010 /* Networking */ = {
			isa = PBXGroup;
			children = (
				44F1375D236B3D8100DBA010 /* session.swift */,
			);
			path = Networking;
			sourceTree = "<group>";
		};
/* End PBXGroup section */

/* Begin PBXNativeTarget section */
		44DAED7D23662A7E002D6903 /* Filistovich_Ruslan_Decoder_wh */ = {
			isa = PBXNativeTarget;
			buildConfigurationList = 44DAED9223662A82002D6903 /* Build configuration list for PBXNativeTarget "Filistovich_Ruslan_Decoder_wh" */;
			buildPhases = (
				44DAED7A23662A7E002D6903 /* Sources */,
				44DAED7B23662A7E002D6903 /* Frameworks */,
				44DAED7C23662A7E002D6903 /* Resources */,
			);
			buildRules = (
			);
			dependencies = (
			);
			name = Filistovich_Ruslan_Decoder_wh;
			productName = Filistovich_Ruslan_Decoder_wh;
			productReference = 44DAED7E23662A7E002D6903 /* Filistovich_Ruslan_Decoder_wh.app */;
			productType = "com.apple.product-type.application";
		};
/* End PBXNativeTarget section */

/* Begin PBXProject section */
		44DAED7623662A7E002D6903 /* Project object */ = {
			isa = PBXProject;
			attributes = {
				LastSwiftUpdateCheck = 1100;
				LastUpgradeCheck = 1100;
				ORGANIZATIONNAME = "Ruslan Filistovich";
				TargetAttributes = {
					44DAED7D23662A7E002D6903 = {
						CreatedOnToolsVersion = 11.0;
					};
				};
			};
			buildConfigurationList = 44DAED7923662A7E002D6903 /* Build configuration list for PBXProject "Filistovich_Ruslan_Decoder_wh" */;
			compatibilityVersion = "Xcode 9.3";
			developmentRegion = en;
			hasScannedForEncodings = 0;
			knownRegions = (
				en,
				Base,
			);
			mainGroup = 44DAED7523662A7E002D6903;
			productRefGroup = 44DAED7F23662A7E002D6903 /* Products */;
			projectDirPath = "";
			projectRoot = "";
			targets = (
				44DAED7D23662A7E002D6903 /* Filistovich_Ruslan_Decoder_wh */,
			);
		};
/* End PBXProject section */

/* Begin PBXResourcesBuildPhase section */
		44DAED7C23662A7E002D6903 /* Resources */ = {
			isa = PBXResourcesBuildPhase;
			buildActionMask = 2147483647;
			files = (
				44DAED8E23662A82002D6903 /* LaunchScreen.storyboard in Resources */,
				44DAED8B23662A82002D6903 /* Assets.xcassets in Resources */,
				44DAED9B23662B0F002D6903 /* PhotoAlbumViewControllerCell.xib in Resources */,
				44DAED8923662A7E002D6903 /* Main.storyboard in Resources */,
			);
			runOnlyForDeploymentPostprocessing = 0;
		};
/* End PBXResourcesBuildPhase section */

/* Begin PBXSourcesBuildPhase section */
		44DAED7A23662A7E002D6903 /* Sources */ = {
			isa = PBXSourcesBuildPhase;
			buildActionMask = 2147483647;
			files = (
				44DAED9623662ADD002D6903 /* DetailPhotoAlbumViewController.swift in Sources */,
				44F1375E236B3D8100DBA010 /* session.swift in Sources */,
				44DAED8623662A7E002D6903 /* PhotoAlbumViewController.swift in Sources */,
				44DAED9A23662B0F002D6903 /* PhotoAlbumViewControllerCell.swift in Sources */,
				44DAED8223662A7E002D6903 /* AppDelegate.swift in Sources */,
				44DAED9D23662EF2002D6903 /* PhotoAlbumModel.swift in Sources */,
				44DAED8423662A7E002D6903 /* SceneDelegate.swift in Sources */,
			);
			runOnlyForDeploymentPostprocessing = 0;
		};
/* End PBXSourcesBuildPhase section */

/* Begin PBXVariantGroup section */
		44DAED8723662A7E002D6903 /* Main.storyboard */ = {
			isa = PBXVariantGroup;
			children = (
				44DAED8823662A7E002D6903 /* Base */,
			);
			name = Main.storyboard;
			sourceTree = "<group>";
		};
		44DAED8C23662A82002D6903 /* LaunchScreen.storyboard */ = {
			isa = PBXVariantGroup;
			children = (
				44DAED8D23662A82002D6903 /* Base */,
			);
			name = LaunchScreen.storyboard;
			sourceTree = "<group>";
		};
/* End PBXVariantGroup section */

/* Begin XCBuildConfiguration section */
		44DAED9023662A82002D6903 /* Debug */ = {
			isa = XCBuildConfiguration;
			buildSettings = {
				ALWAYS_SEARCH_USER_PATHS = NO;
				CLANG_ANALYZER_NONNULL = YES;
				CLANG_ANALYZER_NUMBER_OBJECT_CONVERSION = YES_AGGRESSIVE;
				CLANG_CXX_LANGUAGE_STANDARD = "gnu++14";
				CLANG_CXX_LIBRARY = "libc++";
				CLANG_ENABLE_MODULES = YES;
				CLANG_ENABLE_OBJC_ARC = YES;
				CLANG_ENABLE_OBJC_WEAK = YES;
				CLANG_WARN_BLOCK_CAPTURE_AUTORELEASING = YES;
				CLANG_WARN_BOOL_CONVERSION = YES;
				CLANG_WARN_COMMA = YES;
				CLANG_WARN_CONSTANT_CONVERSION = YES;
				CLANG_WARN_DEPRECATED_OBJC_IMPLEMENTATIONS = YES;
				CLANG_WARN_DIRECT_OBJC_ISA_USAGE = YES_ERROR;
				CLANG_WARN_DOCUMENTATION_COMMENTS = YES;
				CLANG_WARN_EMPTY_BODY = YES;
				CLANG_WARN_ENUM_CONVERSION = YES;
				CLANG_WARN_INFINITE_RECURSION = YES;
				CLANG_WARN_INT_CONVERSION = YES;
				CLANG_WARN_NON_LITERAL_NULL_CONVERSION = YES;
				CLANG_WARN_OBJC_IMPLICIT_RETAIN_SELF = YES;
				CLANG_WARN_OBJC_LITERAL_CONVERSION = YES;
				CLANG_WARN_OBJC_ROOT_CLASS = YES_ERROR;
				CLANG_WARN_RANGE_LOOP_ANALYSIS = YES;
				CLANG_WARN_STRICT_PROTOTYPES = YES;
				CLANG_WARN_SUSPICIOUS_MOVE = YES;
				CLANG_WARN_UNGUARDED_AVAILABILITY = YES_AGGRESSIVE;
				CLANG_WARN_UNREACHABLE_CODE = YES;
				CLANG_WARN__DUPLICATE_METHOD_MATCH = YES;
				COPY_PHASE_STRIP = NO;
				DEBUG_INFORMATION_FORMAT = dwarf;
				ENABLE_STRICT_OBJC_MSGSEND = YES;
				ENABLE_TESTABILITY = YES;
				GCC_C_LANGUAGE_STANDARD = gnu11;
				GCC_DYNAMIC_NO_PIC = NO;
				GCC_NO_COMMON_BLOCKS = YES;
				GCC_OPTIMIZATION_LEVEL = 0;
				GCC_PREPROCESSOR_DEFINITIONS = (
					"DEBUG=1",
					"$(inherited)",
				);
				GCC_WARN_64_TO_32_BIT_CONVERSION = YES;
				GCC_WARN_ABOUT_RETURN_TYPE = YES_ERROR;
				GCC_WARN_UNDECLARED_SELECTOR = YES;
				GCC_WARN_UNINITIALIZED_AUTOS = YES_AGGRESSIVE;
				GCC_WARN_UNUSED_FUNCTION = YES;
				GCC_WARN_UNUSED_VARIABLE = YES;
				IPHONEOS_DEPLOYMENT_TARGET = 13.0;
				MTL_ENABLE_DEBUG_INFO = INCLUDE_SOURCE;
				MTL_FAST_MATH = YES;
				ONLY_ACTIVE_ARCH = YES;
				SDKROOT = iphoneos;
				SWIFT_ACTIVE_COMPILATION_CONDITIONS = DEBUG;
				SWIFT_OPTIMIZATION_LEVEL = "-Onone";
			};
			name = Debug;
		};
		44DAED9123662A82002D6903 /* Release */ = {
			isa = XCBuildConfiguration;
			buildSettings = {
				ALWAYS_SEARCH_USER_PATHS = NO;
				CLANG_ANALYZER_NONNULL = YES;
				CLANG_ANALYZER_NUMBER_OBJECT_CONVERSION = YES_AGGRESSIVE;
				CLANG_CXX_LANGUAGE_STANDARD = "gnu++14";
				CLANG_CXX_LIBRARY = "libc++";
				CLANG_ENABLE_MODULES = YES;
				CLANG_ENABLE_OBJC_ARC = YES;
				CLANG_ENABLE_OBJC_WEAK = YES;
				CLANG_WARN_BLOCK_CAPTURE_AUTORELEASING = YES;
				CLANG_WARN_BOOL_CONVERSION = YES;
				CLANG_WARN_COMMA = YES;
				CLANG_WARN_CONSTANT_CONVERSION = YES;
				CLANG_WARN_DEPRECATED_OBJC_IMPLEMENTATIONS = YES;
				CLANG_WARN_DIRECT_OBJC_ISA_USAGE = YES_ERROR;
				CLANG_WARN_DOCUMENTATION_COMMENTS = YES;
				CLANG_WARN_EMPTY_BODY = YES;
				CLANG_WARN_ENUM_CONVERSION = YES;
				CLANG_WARN_INFINITE_RECURSION = YES;
				CLANG_WARN_INT_CONVERSION = YES;
				CLANG_WARN_NON_LITERAL_NULL_CONVERSION = YES;
				CLANG_WARN_OBJC_IMPLICIT_RETAIN_SELF = YES;
				CLANG_WARN_OBJC_LITERAL_CONVERSION = YES;
				CLANG_WARN_OBJC_ROOT_CLASS = YES_ERROR;
				CLANG_WARN_RANGE_LOOP_ANALYSIS = YES;
				CLANG_WARN_STRICT_PROTOTYPES = YES;
				CLANG_WARN_SUSPICIOUS_MOVE = YES;
				CLANG_WARN_UNGUARDED_AVAILABILITY = YES_AGGRESSIVE;
				CLANG_WARN_UNREACHABLE_CODE = YES;
				CLANG_WARN__DUPLICATE_METHOD_MATCH = YES;
				COPY_PHASE_STRIP = NO;
				DEBUG_INFORMATION_FORMAT = "dwarf-with-dsym";
				ENABLE_NS_ASSERTIONS = NO;
				ENABLE_STRICT_OBJC_MSGSEND = YES;
				GCC_C_LANGUAGE_STANDARD = gnu11;
				GCC_NO_COMMON_BLOCKS = YES;
				GCC_WARN_64_TO_32_BIT_CONVERSION = YES;
				GCC_WARN_ABOUT_RETURN_TYPE = YES_ERROR;
				GCC_WARN_UNDECLARED_SELECTOR = YES;
				GCC_WARN_UNINITIALIZED_AUTOS = YES_AGGRESSIVE;
				GCC_WARN_UNUSED_FUNCTION = YES;
				GCC_WARN_UNUSED_VARIABLE = YES;
				IPHONEOS_DEPLOYMENT_TARGET = 13.0;
				MTL_ENABLE_DEBUG_INFO = NO;
				MTL_FAST_MATH = YES;
				SDKROOT = iphoneos;
				SWIFT_COMPILATION_MODE = wholemodule;
				SWIFT_OPTIMIZATION_LEVEL = "-O";
				VALIDATE_PRODUCT = YES;
			};
			name = Release;
		};
		44DAED9323662A82002D6903 /* Debug */ = {
			isa = XCBuildConfiguration;
			buildSettings = {
				ASSETCATALOG_COMPILER_APPICON_NAME = AppIcon;
				CODE_SIGN_STYLE = Automatic;
				INFOPLIST_FILE = Filistovich_Ruslan_Decoder_wh/Info.plist;
				LD_RUNPATH_SEARCH_PATHS = (
					"$(inherited)",
					"@executable_path/Frameworks",
				);
				PRODUCT_BUNDLE_IDENTIFIER = "com.ruslan.Filistovich-Ruslan-Decoder-wh";
				PRODUCT_NAME = "$(TARGET_NAME)";
				SWIFT_VERSION = 5.0;
				TARGETED_DEVICE_FAMILY = "1,2";
			};
			name = Debug;
		};
		44DAED9423662A82002D6903 /* Release */ = {
			isa = XCBuildConfiguration;
			buildSettings = {
				ASSETCATALOG_COMPILER_APPICON_NAME = AppIcon;
				CODE_SIGN_STYLE = Automatic;
				INFOPLIST_FILE = Filistovich_Ruslan_Decoder_wh/Info.plist;
				LD_RUNPATH_SEARCH_PATHS = (
					"$(inherited)",
					"@executable_path/Frameworks",
				);
				PRODUCT_BUNDLE_IDENTIFIER = "com.ruslan.Filistovich-Ruslan-Decoder-wh";
				PRODUCT_NAME = "$(TARGET_NAME)";
				SWIFT_VERSION = 5.0;
				TARGETED_DEVICE_FAMILY = "1,2";
			};
			name = Release;
		};
/* End XCBuildConfiguration section */

/* Begin XCConfigurationList section */
		44DAED7923662A7E002D6903 /* Build configuration list for PBXProject "Filistovich_Ruslan_Decoder_wh" */ = {
			isa = XCConfigurationList;
			buildConfigurations = (
				44DAED9023662A82002D6903 /* Debug */,
				44DAED9123662A82002D6903 /* Release */,
			);
			defaultConfigurationIsVisible = 0;
			defaultConfigurationName = Release;
		};
		44DAED9223662A82002D6903 /* Build configuration list for PBXNativeTarget "Filistovich_Ruslan_Decoder_wh" */ = {
			isa = XCConfigurationList;
			buildConfigurations = (
				44DAED9323662A82002D6903 /* Debug */,
				44DAED9423662A82002D6903 /* Release */,
			);
			defaultConfigurationIsVisible = 0;
			defaultConfigurationName = Release;
		};
/* End XCConfigurationList section */
	};
	rootObject = 44DAED7623662A7E002D6903 /* Project object */;
}
